<?xml version="1.0" encoding="utf-8"?>
<Project ToolsVersion="4.0" xmlns="http://schemas.microsoft.com/developer/msbuild/2003">
  <ItemGroup>
    <Filter Include="src">
      <UniqueIdentifier>{e87e17fc-b184-4913-af18-ede063f079b3}</UniqueIdentifier>
    </Filter>
    <Filter Include="src\Core">
      <UniqueIdentifier>{b5a8693a-4953-46bb-be68-6cd459bcbd6c}</UniqueIdentifier>
    </Filter>
    <Filter Include="src\Graphics">
      <UniqueIdentifier>{ec2ebaac-19cd-45c5-8027-15824d331728}</UniqueIdentifier>
    </Filter>
    <Filter Include="src\Resources">
      <UniqueIdentifier>{a069cf9e-79b5-4a16-83e4-a52b359157af}</UniqueIdentifier>
    </Filter>
    <Filter Include="src\World">
      <UniqueIdentifier>{fea6d04f-3ec6-479f-aab0-c8734f21149f}</UniqueIdentifier>
    </Filter>
    <Filter Include="src\GUI">
      <UniqueIdentifier>{648009de-9cd6-42fd-a5db-d99b6ec407ac}</UniqueIdentifier>
    </Filter>
    <Filter Include="src\Config">
      <UniqueIdentifier>{682632b0-c01e-40f5-845e-c9c7c997adeb}</UniqueIdentifier>
    </Filter>
    <Filter Include="src\API">
      <UniqueIdentifier>{2e960e8c-f20c-413c-ba57-f459c93330ff}</UniqueIdentifier>
    </Filter>
    <Filter Include="src\Vendor">
      <UniqueIdentifier>{994a31ad-712a-4694-a230-e773b5c19b96}</UniqueIdentifier>
    </Filter>
    <Filter Include="src\Vendor\ImGui">
      <UniqueIdentifier>{7240dad2-c158-4a10-acd1-0ff2427d851d}</UniqueIdentifier>
    </Filter>
    <Filter Include="src\Editor">
      <UniqueIdentifier>{a15dae96-c5e9-4708-83f8-4f8f0d1240fd}</UniqueIdentifier>
    </Filter>
    <Filter Include="src\Editor\Panels">
      <UniqueIdentifier>{5663a42b-dcaa-4130-987a-2689445dce29}</UniqueIdentifier>
    </Filter>
  </ItemGroup>
  <ItemGroup>
    <ClCompile Include="src\Main.cpp">
      <Filter>src</Filter>
    </ClCompile>
    <ClCompile Include="src\World\Chunk.cpp">
      <Filter>src\World</Filter>
    </ClCompile>
    <ClCompile Include="src\World\Terrain.cpp">
      <Filter>src\World</Filter>
    </ClCompile>
    <ClCompile Include="src\GammaEngine.cpp">
      <Filter>src</Filter>
    </ClCompile>
    <ClCompile Include="src\Resources\HeightMap.cpp">
      <Filter>src\Resources</Filter>
    </ClCompile>
    <ClCompile Include="src\Resources\SpaceSettings.cpp">
      <Filter>src\Resources</Filter>
    </ClCompile>
    <ClCompile Include="src\Resources\StbImageImpl.cpp">
      <Filter>src\Resources</Filter>
    </ClCompile>
    <ClCompile Include="src\Graphics\DDSTextureLoader.cpp">
      <Filter>src\Graphics</Filter>
    </ClCompile>
    <ClCompile Include="src\Graphics\DX11Renderer.cpp">
      <Filter>src\Graphics</Filter>
    </ClCompile>
    <ClCompile Include="src\Graphics\Shader.cpp">
      <Filter>src\Graphics</Filter>
    </ClCompile>
    <ClCompile Include="src\Graphics\TextureArray.cpp">
      <Filter>src\Graphics</Filter>
    </ClCompile>
    <ClCompile Include="src\Core\Timer.cpp">
      <Filter>src\Core</Filter>
    </ClCompile>
    <ClCompile Include="src\Core\Window.cpp">
      <Filter>src\Core</Filter>
    </ClCompile>
    <ClCompile Include="src\Resources\BwPackedSection.cpp">
      <Filter>src\Resources</Filter>
    </ClCompile>
    <ClCompile Include="src\Core\ResourceManager.cpp">
      <Filter>src\Core</Filter>
    </ClCompile>
    <ClCompile Include="src\Graphics\LevelTextureManager.cpp">
      <Filter>src\Graphics</Filter>
    </ClCompile>
    <ClCompile Include="src\Core\DataSection.cpp">
      <Filter>src\Core</Filter>
    </ClCompile>
    <ClCompile Include="src\World\WaterVLO.cpp">
      <Filter>src\World</Filter>
    </ClCompile>
    <ClCompile Include="src\Resources\BwBinSection.cpp">
      <Filter>src\Resources</Filter>
    </ClCompile>
    <ClCompile Include="src\Resources\DebugTools.cpp">
      <Filter>src\Resources</Filter>
    </ClCompile>
    <ClCompile Include="src\Core\Logger.cpp">
      <Filter>src\Core</Filter>
    </ClCompile>
    <ClCompile Include="src\Core\InputSystem.cpp">
      <Filter>src\Core</Filter>
    </ClCompile>
    <ClCompile Include="src\Graphics\Camera.cpp">
      <Filter>src\Graphics</Filter>
    </ClCompile>
    <ClCompile Include="src\GUI\DebugOverlay.cpp">
      <Filter>src\GUI</Filter>
    </ClCompile>
    <ClCompile Include="src\World\WorldLoader.cpp">
      <Filter>src\World</Filter>
    </ClCompile>
    <ClCompile Include="src\Graphics\StaticModel.cpp">
      <Filter>src\Graphics</Filter>
    </ClCompile>
    <ClCompile Include="src\Graphics\ModelManager.cpp">
      <Filter>src\Graphics</Filter>
    </ClCompile>
    <ClCompile Include="src\Graphics\ShaderManager.cpp">
      <Filter>src\Graphics</Filter>
    </ClCompile>
    <ClCompile Include="src\Core\TaskScheduler.cpp">
      <Filter>src\Core</Filter>
    </ClCompile>
    <ClCompile Include="src\Graphics\ComputeShader.cpp">
      <Filter>src\Graphics</Filter>
    </ClCompile>
    <ClCompile Include="src\Graphics\HzbManager.cpp">
      <Filter>src\Graphics</Filter>
    </ClCompile>
    <ClCompile Include="src\Graphics\GpuCullingSystem.cpp">
      <Filter>src\Graphics</Filter>
    </ClCompile>
    <ClCompile Include="src\Config\EngineConfig.cpp">
      <Filter>src\Config</Filter>
    </ClCompile>
    <ClCompile Include="src\Graphics\StaticGpuScene.cpp">
      <Filter>src\Graphics</Filter>
    </ClCompile>
    <ClCompile Include="src\Resources\TerrainBaker.cpp">
      <Filter>src\Resources</Filter>
    </ClCompile>
    <ClCompile Include="src\Graphics\TerrainGpuScene.cpp">
      <Filter>src\Graphics</Filter>
    </ClCompile>
    <ClCompile Include="src\Resources\TerrainArrayManager.cpp">
      <Filter>src\Resources</Filter>
    </ClCompile>
    <ClCompile Include="src\Graphics\RenderPipeline.cpp">
      <Filter>src\Graphics</Filter>
    </ClCompile>
    <ClCompile Include="src\Graphics\RenderTarget.cpp">
      <Filter>src\Graphics</Filter>
    </ClCompile>
    <ClCompile Include="src\Graphics\TreeModel.cpp">
      <Filter>src\Graphics</Filter>
    </ClCompile>
    <ClCompile Include="src\Graphics\FloraGpuScene.cpp">
      <Filter>src\Graphics</Filter>
    </ClCompile>
    <ClCompile Include="src\Graphics\ShadowManager.cpp">
      <Filter>src\Graphics</Filter>
    </ClCompile>
    <ClCompile Include="src\Resources\TextureBaker.cpp">
      <Filter>src\Resources</Filter>
    </ClCompile>
    <ClCompile Include="src\Resources\GeometryBaker.cpp">
      <Filter>src\Resources</Filter>
    </ClCompile>
    <ClCompile Include="src\Graphics\PostProcessManager.cpp">
      <Filter>src\Graphics</Filter>
    </ClCompile>
    <ClCompile Include="src\Resources\RvtBaker.cpp">
      <Filter>src\Resources</Filter>
    </ClCompile>
    <ClCompile Include="src\Graphics\ClipmapRvtManager.cpp">
      <Filter>src\Graphics</Filter>
    </ClCompile>
    <ClCompile Include="src\Core\GammaModule.cpp">
      <Filter>src\Core</Filter>
    </ClCompile>
    <ClCompile Include="src\Vendor\ImGui\imgui.cpp">
      <Filter>src\Vendor\ImGui</Filter>
    </ClCompile>
    <ClCompile Include="src\Vendor\ImGui\imgui_demo.cpp">
      <Filter>src\Vendor\ImGui</Filter>
    </ClCompile>
    <ClCompile Include="src\Vendor\ImGui\imgui_draw.cpp">
      <Filter>src\Vendor\ImGui</Filter>
    </ClCompile>
    <ClCompile Include="src\Vendor\ImGui\imgui_impl_dx11.cpp">
      <Filter>src\Vendor\ImGui</Filter>
    </ClCompile>
    <ClCompile Include="src\Vendor\ImGui\imgui_impl_win32.cpp">
      <Filter>src\Vendor\ImGui</Filter>
    </ClCompile>
    <ClCompile Include="src\Vendor\ImGui\imgui_tables.cpp">
      <Filter>src\Vendor\ImGui</Filter>
    </ClCompile>
    <ClCompile Include="src\Vendor\ImGui\imgui_widgets.cpp">
      <Filter>src\Vendor\ImGui</Filter>
    </ClCompile>
    <ClCompile Include="src\Editor\GammaEditor.cpp">
      <Filter>src\Editor</Filter>
    </ClCompile>
    <ClCompile Include="src\Editor\EditorProfiler.cpp">
      <Filter>src\Editor</Filter>
    </ClCompile>
    <ClCompile Include="src\Editor\Panels\ViewportPanel.cpp">
      <Filter>src\Editor\Panels</Filter>
    </ClCompile>
    <ClCompile Include="src\Editor\EditorCamera.cpp">
      <Filter>src\Editor</Filter>
    </ClCompile>
    <ClCompile Include="src\Editor\Panels\SettingsPanel.cpp">
      <Filter>src\Editor\Panels</Filter>
    </ClCompile>
    <ClCompile Include="src\Graphics\LightManager.cpp">
      <Filter>src\Graphics</Filter>
    </ClCompile>
  </ItemGroup>
  <ItemGroup>
    <ClInclude Include="src\World\Chunk.h">
      <Filter>src\World</Filter>
    </ClInclude>
    <ClInclude Include="src\World\Terrain.h">
      <Filter>src\World</Filter>
    </ClInclude>
    <ClInclude Include="src\GammaEngine.h">
      <Filter>src</Filter>
    </ClInclude>
    <ClInclude Include="src\Resources\HeightMap.h">
      <Filter>src\Resources</Filter>
    </ClInclude>
    <ClInclude Include="src\Resources\SpaceSettings.h">
      <Filter>src\Resources</Filter>
    </ClInclude>
    <ClInclude Include="src\Resources\stb_image.h">
      <Filter>src\Resources</Filter>
    </ClInclude>
    <ClInclude Include="src\Graphics\ConstantBuffer.h">
      <Filter>src\Graphics</Filter>
    </ClInclude>
    <ClInclude Include="src\Graphics\DDSTextureLoader.h">
      <Filter>src\Graphics</Filter>
    </ClInclude>
    <ClInclude Include="src\Graphics\DX11Renderer.h">
      <Filter>src\Graphics</Filter>
    </ClInclude>
    <ClInclude Include="src\Graphics\Shader.h">
      <Filter>src\Graphics</Filter>
    </ClInclude>
    <ClInclude Include="src\Graphics\TextureArray.h">
      <Filter>src\Graphics</Filter>
    </ClInclude>
    <ClInclude Include="src\Core\Logger.h">
      <Filter>src\Core</Filter>
    </ClInclude>
    <ClInclude Include="src\Core\Prerequisites.h">
      <Filter>src\Core</Filter>
    </ClInclude>
    <ClInclude Include="src\Core\Timer.h">
      <Filter>src\Core</Filter>
    </ClInclude>
    <ClInclude Include="src\Core\Window.h">
      <Filter>src\Core</Filter>
    </ClInclude>
    <ClInclude Include="src\Resources\BwPackedSection.h">
      <Filter>src\Resources</Filter>
    </ClInclude>
    <ClInclude Include="src\Core\ResourceManager.h">
      <Filter>src\Core</Filter>
    </ClInclude>
    <ClInclude Include="src\Graphics\LevelTextureManager.h">
      <Filter>src\Graphics</Filter>
    </ClInclude>
    <ClInclude Include="src\Core\DataSection.h">
      <Filter>src\Core</Filter>
    </ClInclude>
    <ClInclude Include="src\World\WaterVLO.h">
      <Filter>src\World</Filter>
    </ClInclude>
    <ClInclude Include="src\Resources\BwBinSection.h">
      <Filter>src\Resources</Filter>
    </ClInclude>
    <ClInclude Include="src\Resources\DebugTools.h">
      <Filter>src\Resources</Filter>
    </ClInclude>
    <ClInclude Include="src\Core\InputSystem.h">
      <Filter>src\Core</Filter>
    </ClInclude>
    <ClInclude Include="src\Graphics\Camera.h">
      <Filter>src\Graphics</Filter>
    </ClInclude>
    <ClInclude Include="src\GUI\DebugOverlay.h">
      <Filter>src\GUI</Filter>
    </ClInclude>
    <ClInclude Include="src\Graphics\StaticModel.h">
      <Filter>src\Graphics</Filter>
    </ClInclude>
    <ClInclude Include="src\Graphics\ModelManager.h">
      <Filter>src\Graphics</Filter>
    </ClInclude>
    <ClInclude Include="src\Graphics\ShaderManager.h">
      <Filter>src\Graphics</Filter>
    </ClInclude>
    <ClInclude Include="src\Resources\json.hpp">
      <Filter>src\Resources</Filter>
    </ClInclude>
    <ClInclude Include="src\Resources\tiny_gltf.h">
      <Filter>src\Resources</Filter>
    </ClInclude>
    <ClInclude Include="src\Resources\stb_image_write.h">
      <Filter>src\Resources</Filter>
    </ClInclude>
    <ClInclude Include="src\Core\TaskScheduler.h">
      <Filter>src\Core</Filter>
    </ClInclude>
    <ClInclude Include="src\Graphics\Texture.h">
      <Filter>src\Graphics</Filter>
    </ClInclude>
    <ClInclude Include="src\Graphics\ComputeShader.h">
      <Filter>src\Graphics</Filter>
    </ClInclude>
    <ClInclude Include="src\Graphics\HzbManager.h">
      <Filter>src\Graphics</Filter>
    </ClInclude>
    <ClInclude Include="src\Graphics\GpuTypes.h">
      <Filter>src\Graphics</Filter>
    </ClInclude>
    <ClInclude Include="src\Graphics\GpuCullingSystem.h">
      <Filter>src\Graphics</Filter>
    </ClInclude>
    <ClInclude Include="src\Config\EngineConfig.h">
      <Filter>src\Config</Filter>
    </ClInclude>
    <ClInclude Include="src\Graphics\StaticGpuScene.h">
      <Filter>src\Graphics</Filter>
    </ClInclude>
    <ClInclude Include="src\World\WorldLoader.h">
      <Filter>src\World</Filter>
    </ClInclude>
    <ClInclude Include="src\Resources\TerrainBaker.h">
      <Filter>src\Resources</Filter>
    </ClInclude>
    <ClInclude Include="src\Graphics\TerrainGpuScene.h">
      <Filter>src\Graphics</Filter>
    </ClInclude>
    <ClInclude Include="src\Resources\TerrainArrayManager.h">
      <Filter>src\Resources</Filter>
    </ClInclude>
    <ClInclude Include="src\Graphics\RenderPipeline.h">
      <Filter>src\Graphics</Filter>
    </ClInclude>
    <ClInclude Include="src\Graphics\RenderTarget.h">
      <Filter>src\Graphics</Filter>
    </ClInclude>
    <ClInclude Include="src\Graphics\TreeModel.h">
      <Filter>src\Graphics</Filter>
    </ClInclude>
    <ClInclude Include="src\Graphics\FloraGpuScene.h">
      <Filter>src\Graphics</Filter>
    </ClInclude>
    <ClInclude Include="src\Graphics\ShadowManager.h">
      <Filter>src\Graphics</Filter>
    </ClInclude>
    <ClInclude Include="src\Resources\TextureBaker.h">
      <Filter>src\Resources</Filter>
    </ClInclude>
    <ClInclude Include="src\Resources\GeometryBaker.h">
      <Filter>src\Resources</Filter>
    </ClInclude>
    <ClInclude Include="src\Graphics\PostProcessManager.h">
      <Filter>src\Graphics</Filter>
    </ClInclude>
    <ClInclude Include="src\Resources\RvtBaker.h">
      <Filter>src\Resources</Filter>
    </ClInclude>
    <ClInclude Include="src\Graphics\ClipmapRvtManager.h">
      <Filter>src\Graphics</Filter>
    </ClInclude>
    <ClInclude Include="src\API\GammaAPI.h">
      <Filter>src\API</Filter>
    </ClInclude>
    <ClInclude Include="src\Core\GammaModule.h">
      <Filter>src\Core</Filter>
    </ClInclude>
    <ClInclude Include="src\Vendor\ImGui\imconfig.h">
      <Filter>src\Vendor\ImGui</Filter>
    </ClInclude>
    <ClInclude Include="src\Vendor\ImGui\imgui.h">
      <Filter>src\Vendor\ImGui</Filter>
    </ClInclude>
    <ClInclude Include="src\Vendor\ImGui\imgui_impl_dx11.h">
      <Filter>src\Vendor\ImGui</Filter>
    </ClInclude>
    <ClInclude Include="src\Vendor\ImGui\imgui_impl_win32.h">
      <Filter>src\Vendor\ImGui</Filter>
    </ClInclude>
    <ClInclude Include="src\Vendor\ImGui\imgui_internal.h">
      <Filter>src\Vendor\ImGui</Filter>
    </ClInclude>
    <ClInclude Include="src\Vendor\ImGui\imstb_rectpack.h">
      <Filter>src\Vendor\ImGui</Filter>
    </ClInclude>
    <ClInclude Include="src\Vendor\ImGui\imstb_textedit.h">
      <Filter>src\Vendor\ImGui</Filter>
    </ClInclude>
    <ClInclude Include="src\Vendor\ImGui\imstb_truetype.h">
      <Filter>src\Vendor\ImGui</Filter>
    </ClInclude>
    <ClInclude Include="src\Editor\GammaEditor.h">
      <Filter>src\Editor</Filter>
    </ClInclude>
    <ClInclude Include="src\Editor\EditorProfiler.h">
      <Filter>src\Editor</Filter>
    </ClInclude>
    <ClInclude Include="src\Editor\EditorPanel.h">
      <Filter>src\Editor</Filter>
    </ClInclude>
    <ClInclude Include="src\Editor\Panels\ViewportPanel.h">
      <Filter>src\Editor\Panels</Filter>
    </ClInclude>
    <ClInclude Include="src\Editor\EditorCamera.h">
      <Filter>src\Editor</Filter>
    </ClInclude>
    <ClInclude Include="src\Editor\Panels\SettingsPanel.h">
      <Filter>src\Editor\Panels</Filter>
    </ClInclude>
    <ClInclude Include="src\Graphics\LightManager.h">
      <Filter>src\Graphics</Filter>
    </ClInclude>
  </ItemGroup>
  <ItemGroup>
    <None Include="packages.config" />
  </ItemGroup>
</Project>