<?xml version="1.0" encoding="utf-8"?>
<Project ToolsVersion="4.0" xmlns="http://schemas.microsoft.com/developer/msbuild/2003">
  <ItemGroup>
    <Filter Include="src">
      <UniqueIdentifier>{e87e17fc-b184-4913-af18-ede063f079b3}</UniqueIdentifier>
    </Filter>
    <Filter Include="src\Core">
      <UniqueIdentifier>{b5a8693a-4953-46bb-be68-6cd459bcbd6c}</UniqueIdentifier>
    </Filter>
    <Filter Include="src\Graphics">
      <UniqueIdentifier>{ec2ebaac-19cd-45c5-8027-15824d331728}</UniqueIdentifier>
    </Filter>
    <Filter Include="src\Resources">
      <UniqueIdentifier>{a069cf9e-79b5-4a16-83e4-a52b359157af}</UniqueIdentifier>
    </Filter>
    <Filter Include="src\World">
      <UniqueIdentifier>{fea6d04f-3ec6-479f-aab0-c8734f21149f}</UniqueIdentifier>
    </Filter>
  </ItemGroup>
  <ItemGroup>
    <ClCompile Include="src\Main.cpp">
      <Filter>src</Filter>
    </ClCompile>
    <ClCompile Include="src\World\Chunk.cpp">
      <Filter>src\World</Filter>
    </ClCompile>
    <ClCompile Include="src\World\Terrain.cpp">
      <Filter>src\World</Filter>
    </ClCompile>
    <ClCompile Include="src\GammaEngine.cpp">
      <Filter>src</Filter>
    </ClCompile>
    <ClCompile Include="src\Resources\HeightMap.cpp">
      <Filter>src\Resources</Filter>
    </ClCompile>
    <ClCompile Include="src\Resources\SpaceSettings.cpp">
      <Filter>src\Resources</Filter>
    </ClCompile>
    <ClCompile Include="src\Resources\StbImageImpl.cpp">
      <Filter>src\Resources</Filter>
    </ClCompile>
    <ClCompile Include="src\Graphics\DDSTextureLoader.cpp">
      <Filter>src\Graphics</Filter>
    </ClCompile>
    <ClCompile Include="src\Graphics\DX11Renderer.cpp">
      <Filter>src\Graphics</Filter>
    </ClCompile>
    <ClCompile Include="src\Graphics\Shader.cpp">
      <Filter>src\Graphics</Filter>
    </ClCompile>
    <ClCompile Include="src\Graphics\TextureArray.cpp">
      <Filter>src\Graphics</Filter>
    </ClCompile>
    <ClCompile Include="src\Core\Timer.cpp">
      <Filter>src\Core</Filter>
    </ClCompile>
    <ClCompile Include="src\Core\Window.cpp">
      <Filter>src\Core</Filter>
    </ClCompile>
    <ClCompile Include="src\Resources\BwPackedSection.cpp">
      <Filter>src\Resources</Filter>
    </ClCompile>
    <ClCompile Include="src\Core\ResourceManager.cpp">
      <Filter>src\Core</Filter>
    </ClCompile>
    <ClCompile Include="src\Graphics\LevelTextureManager.cpp">
      <Filter>src\Graphics</Filter>
    </ClCompile>
    <ClCompile Include="src\Core\DataSection.cpp">
      <Filter>src\Core</Filter>
    </ClCompile>
    <ClCompile Include="src\World\WaterVLO.cpp">
      <Filter>src\World</Filter>
    </ClCompile>
    <ClCompile Include="src\Resources\BwBinSection.cpp">
      <Filter>src\Resources</Filter>
    </ClCompile>
    <ClCompile Include="src\World\VegetationManager.cpp">
      <Filter>src\World</Filter>
    </ClCompile>
    <ClCompile Include="src\World\SpeedTreeLoader.cpp">
      <Filter>src\World</Filter>
    </ClCompile>
    <ClCompile Include="src\Resources\DebugTools.cpp">
      <Filter>src\Resources</Filter>
    </ClCompile>
    <ClCompile Include="src\Core\Logger.cpp">
      <Filter>src\Core</Filter>
    </ClCompile>
  </ItemGroup>
  <ItemGroup>
    <ClInclude Include="src\World\Chunk.h">
      <Filter>src\World</Filter>
    </ClInclude>
    <ClInclude Include="src\World\Terrain.h">
      <Filter>src\World</Filter>
    </ClInclude>
    <ClInclude Include="src\GammaEngine.h">
      <Filter>src</Filter>
    </ClInclude>
    <ClInclude Include="src\Resources\HeightMap.h">
      <Filter>src\Resources</Filter>
    </ClInclude>
    <ClInclude Include="src\Resources\SpaceSettings.h">
      <Filter>src\Resources</Filter>
    </ClInclude>
    <ClInclude Include="src\Resources\stb_image.h">
      <Filter>src\Resources</Filter>
    </ClInclude>
    <ClInclude Include="src\Graphics\ConstantBuffer.h">
      <Filter>src\Graphics</Filter>
    </ClInclude>
    <ClInclude Include="src\Graphics\DDSTextureLoader.h">
      <Filter>src\Graphics</Filter>
    </ClInclude>
    <ClInclude Include="src\Graphics\DX11Renderer.h">
      <Filter>src\Graphics</Filter>
    </ClInclude>
    <ClInclude Include="src\Graphics\Shader.h">
      <Filter>src\Graphics</Filter>
    </ClInclude>
    <ClInclude Include="src\Graphics\TextureArray.h">
      <Filter>src\Graphics</Filter>
    </ClInclude>
    <ClInclude Include="src\Core\Logger.h">
      <Filter>src\Core</Filter>
    </ClInclude>
    <ClInclude Include="src\Core\Prerequisites.h">
      <Filter>src\Core</Filter>
    </ClInclude>
    <ClInclude Include="src\Core\Timer.h">
      <Filter>src\Core</Filter>
    </ClInclude>
    <ClInclude Include="src\Core\Window.h">
      <Filter>src\Core</Filter>
    </ClInclude>
    <ClInclude Include="src\Resources\BwPackedSection.h">
      <Filter>src\Resources</Filter>
    </ClInclude>
    <ClInclude Include="src\Core\ResourceManager.h">
      <Filter>src\Core</Filter>
    </ClInclude>
    <ClInclude Include="src\Graphics\LevelTextureManager.h">
      <Filter>src\Graphics</Filter>
    </ClInclude>
    <ClInclude Include="src\Core\DataSection.h">
      <Filter>src\Core</Filter>
    </ClInclude>
    <ClInclude Include="src\World\WaterVLO.h">
      <Filter>src\World</Filter>
    </ClInclude>
    <ClInclude Include="src\Resources\BwBinSection.h">
      <Filter>src\Resources</Filter>
    </ClInclude>
    <ClInclude Include="src\World\VegetationManager.h">
      <Filter>src\World</Filter>
    </ClInclude>
    <ClInclude Include="src\World\SpeedTreeLoader.h">
      <Filter>src\World</Filter>
    </ClInclude>
    <ClInclude Include="src\Resources\DebugTools.h">
      <Filter>src\Resources</Filter>
    </ClInclude>
  </ItemGroup>
  <ItemGroup>
    <None Include="packages.config" />
  </ItemGroup>
</Project>